// !$*UTF8*$!
{
	archiveVersion = 1;
	classes = {
	};
	objectVersion = 55;
	objects = {

/* Begin PBXBuildFile section */
		0B42124B27CC91E0007345A3 /* AppDelegate.swift in Sources */ = {isa = PBXBuildFile; fileRef = 0B42124A27CC91E0007345A3 /* AppDelegate.swift */; };
		0B42125427CC91E2007345A3 /* Assets.xcassets in Resources */ = {isa = PBXBuildFile; fileRef = 0B42125327CC91E2007345A3 /* Assets.xcassets */; };
		0B42125727CC91E2007345A3 /* LaunchScreen.storyboard in Resources */ = {isa = PBXBuildFile; fileRef = 0B42125527CC91E2007345A3 /* LaunchScreen.storyboard */; };
		0B42125F27D04127007345A3 /* MainViewController.swift in Sources */ = {isa = PBXBuildFile; fileRef = 0B42125E27D04127007345A3 /* MainViewController.swift */; };
		0B42126227D041D2007345A3 /* UIViewController+Extentions.swift in Sources */ = {isa = PBXBuildFile; fileRef = 0B42126127D041D2007345A3 /* UIViewController+Extentions.swift */; };
		0B42126527D04925007345A3 /* StockListController.swift in Sources */ = {isa = PBXBuildFile; fileRef = 0B42126427D04925007345A3 /* StockListController.swift */; };
		0B42126727D0497A007345A3 /* AddStockController.swift in Sources */ = {isa = PBXBuildFile; fileRef = 0B42126627D0497A007345A3 /* AddStockController.swift */; };
		0B42126927D04991007345A3 /* CalculatorController.swift in Sources */ = {isa = PBXBuildFile; fileRef = 0B42126827D04991007345A3 /* CalculatorController.swift */; };
		0B42126C27D06A1D007345A3 /* StockResponse.swift in Sources */ = {isa = PBXBuildFile; fileRef = 0B42126B27D06A1D007345A3 /* StockResponse.swift */; };
		0B42127127D083BF007345A3 /* APIService.swift in Sources */ = {isa = PBXBuildFile; fileRef = 0B42127027D083BF007345A3 /* APIService.swift */; };
		0B42127527D09D76007345A3 /* NetworkError.swift in Sources */ = {isa = PBXBuildFile; fileRef = 0B42127427D09D76007345A3 /* NetworkError.swift */; };
		0B42127B27D0A7CD007345A3 /* Keys.swift in Sources */ = {isa = PBXBuildFile; fileRef = 0B42127A27D0A7CD007345A3 /* Keys.swift */; };
		C413412AB5E8DBAA9A42E0A9 /* Pods_StockTaxSaver.framework in Frameworks */ = {isa = PBXBuildFile; fileRef = CF54B6E6263814B5B7F7933F /* Pods_StockTaxSaver.framework */; };
/* End PBXBuildFile section */

/* Begin PBXFileReference section */
		0B42124727CC91E0007345A3 /* StockTaxSaver.app */ = {isa = PBXFileReference; explicitFileType = wrapper.application; includeInIndex = 0; path = StockTaxSaver.app; sourceTree = BUILT_PRODUCTS_DIR; };
		0B42124A27CC91E0007345A3 /* AppDelegate.swift */ = {isa = PBXFileReference; lastKnownFileType = sourcecode.swift; path = AppDelegate.swift; sourceTree = "<group>"; };
		0B42125327CC91E2007345A3 /* Assets.xcassets */ = {isa = PBXFileReference; lastKnownFileType = folder.assetcatalog; path = Assets.xcassets; sourceTree = "<group>"; };
		0B42125627CC91E2007345A3 /* Base */ = {isa = PBXFileReference; lastKnownFileType = file.storyboard; name = Base; path = Base.lproj/LaunchScreen.storyboard; sourceTree = "<group>"; };
		0B42125827CC91E2007345A3 /* Info.plist */ = {isa = PBXFileReference; lastKnownFileType = text.plist.xml; path = Info.plist; sourceTree = "<group>"; };
		0B42125E27D04127007345A3 /* MainViewController.swift */ = {isa = PBXFileReference; lastKnownFileType = sourcecode.swift; path = MainViewController.swift; sourceTree = "<group>"; };
		0B42126127D041D2007345A3 /* UIViewController+Extentions.swift */ = {isa = PBXFileReference; lastKnownFileType = sourcecode.swift; path = "UIViewController+Extentions.swift"; sourceTree = "<group>"; };
		0B42126427D04925007345A3 /* StockListController.swift */ = {isa = PBXFileReference; lastKnownFileType = sourcecode.swift; path = StockListController.swift; sourceTree = "<group>"; };
		0B42126627D0497A007345A3 /* AddStockController.swift */ = {isa = PBXFileReference; lastKnownFileType = sourcecode.swift; path = AddStockController.swift; sourceTree = "<group>"; };
		0B42126827D04991007345A3 /* CalculatorController.swift */ = {isa = PBXFileReference; lastKnownFileType = sourcecode.swift; path = CalculatorController.swift; sourceTree = "<group>"; };
		0B42126B27D06A1D007345A3 /* StockResponse.swift */ = {isa = PBXFileReference; lastKnownFileType = sourcecode.swift; path = StockResponse.swift; sourceTree = "<group>"; };
		0B42127027D083BF007345A3 /* APIService.swift */ = {isa = PBXFileReference; lastKnownFileType = sourcecode.swift; path = APIService.swift; sourceTree = "<group>"; };
		0B42127427D09D76007345A3 /* NetworkError.swift */ = {isa = PBXFileReference; lastKnownFileType = sourcecode.swift; path = NetworkError.swift; sourceTree = "<group>"; };
		0B42127A27D0A7CD007345A3 /* Keys.swift */ = {isa = PBXFileReference; lastKnownFileType = sourcecode.swift; path = Keys.swift; sourceTree = "<group>"; };
		1DBD2812C7F7D7AC39AA208C /* Pods-StockTaxSaver.debug.xcconfig */ = {isa = PBXFileReference; includeInIndex = 1; lastKnownFileType = text.xcconfig; name = "Pods-StockTaxSaver.debug.xcconfig"; path = "Target Support Files/Pods-StockTaxSaver/Pods-StockTaxSaver.debug.xcconfig"; sourceTree = "<group>"; };
		8732CC17FF658FE6E4FB6F71 /* Pods-StockTaxSaver.release.xcconfig */ = {isa = PBXFileReference; includeInIndex = 1; lastKnownFileType = text.xcconfig; name = "Pods-StockTaxSaver.release.xcconfig"; path = "Target Support Files/Pods-StockTaxSaver/Pods-StockTaxSaver.release.xcconfig"; sourceTree = "<group>"; };
		CF54B6E6263814B5B7F7933F /* Pods_StockTaxSaver.framework */ = {isa = PBXFileReference; explicitFileType = wrapper.framework; includeInIndex = 0; path = Pods_StockTaxSaver.framework; sourceTree = BUILT_PRODUCTS_DIR; };
/* End PBXFileReference section */

/* Begin PBXFrameworksBuildPhase section */
		0B42124427CC91E0007345A3 /* Frameworks */ = {
			isa = PBXFrameworksBuildPhase;
			buildActionMask = 2147483647;
			files = (
				C413412AB5E8DBAA9A42E0A9 /* Pods_StockTaxSaver.framework in Frameworks */,
			);
			runOnlyForDeploymentPostprocessing = 0;
		};
/* End PBXFrameworksBuildPhase section */

/* Begin PBXGroup section */
		0B42123E27CC91E0007345A3 = {
			isa = PBXGroup;
			children = (
				0B42124927CC91E0007345A3 /* StockTaxSaver */,
				0B42124827CC91E0007345A3 /* Products */,
				6B21D3A184B7CC2C44066839 /* Pods */,
				6C4C52846A1AC66D8AC10545 /* Frameworks */,
			);
			sourceTree = "<group>";
		};
		0B42124827CC91E0007345A3 /* Products */ = {
			isa = PBXGroup;
			children = (
				0B42124727CC91E0007345A3 /* StockTaxSaver.app */,
			);
			name = Products;
			sourceTree = "<group>";
		};
		0B42124927CC91E0007345A3 /* StockTaxSaver */ = {
			isa = PBXGroup;
			children = (
				0B42127C27D0ABF0007345A3 /* ViewModel */,
				0B42126F27D083AE007345A3 /* Network */,
				0B42126A27D0698A007345A3 /* Model */,
				0B42126327D048F3007345A3 /* Controller */,
				0B42126027D041B6007345A3 /* Utils */,
				0B42124A27CC91E0007345A3 /* AppDelegate.swift */,
				0B42125327CC91E2007345A3 /* Assets.xcassets */,
				0B42125527CC91E2007345A3 /* LaunchScreen.storyboard */,
				0B42125827CC91E2007345A3 /* Info.plist */,
				0B42125E27D04127007345A3 /* MainViewController.swift */,
			);
			path = StockTaxSaver;
			sourceTree = "<group>";
		};
		0B42126027D041B6007345A3 /* Utils */ = {
			isa = PBXGroup;
			children = (
				0B42126127D041D2007345A3 /* UIViewController+Extentions.swift */,
				0B42127A27D0A7CD007345A3 /* Keys.swift */,
			);
			path = Utils;
			sourceTree = "<group>";
		};
		0B42126327D048F3007345A3 /* Controller */ = {
			isa = PBXGroup;
			children = (
				0B42126427D04925007345A3 /* StockListController.swift */,
				0B42126627D0497A007345A3 /* AddStockController.swift */,
				0B42126827D04991007345A3 /* CalculatorController.swift */,
			);
			path = Controller;
			sourceTree = "<group>";
		};
		0B42126A27D0698A007345A3 /* Model */ = {
			isa = PBXGroup;
			children = (
				0B42126B27D06A1D007345A3 /* StockResponse.swift */,
			);
			path = Model;
			sourceTree = "<group>";
		};
		0B42126F27D083AE007345A3 /* Network */ = {
			isa = PBXGroup;
			children = (
				0B42127027D083BF007345A3 /* APIService.swift */,
				0B42127427D09D76007345A3 /* NetworkError.swift */,
			);
			path = Network;
			sourceTree = "<group>";
		};
		0B42127C27D0ABF0007345A3 /* ViewModel */ = {
			isa = PBXGroup;
			children = (
			);
			path = ViewModel;
			sourceTree = "<group>";
		};
		6B21D3A184B7CC2C44066839 /* Pods */ = {
			isa = PBXGroup;
			children = (
				1DBD2812C7F7D7AC39AA208C /* Pods-StockTaxSaver.debug.xcconfig */,
				8732CC17FF658FE6E4FB6F71 /* Pods-StockTaxSaver.release.xcconfig */,
			);
			path = Pods;
			sourceTree = "<group>";
		};
		6C4C52846A1AC66D8AC10545 /* Frameworks */ = {
			isa = PBXGroup;
			children = (
				CF54B6E6263814B5B7F7933F /* Pods_StockTaxSaver.framework */,
			);
			name = Frameworks;
			sourceTree = "<group>";
		};
/* End PBXGroup section */

/* Begin PBXNativeTarget section */
		0B42124627CC91E0007345A3 /* StockTaxSaver */ = {
			isa = PBXNativeTarget;
			buildConfigurationList = 0B42125B27CC91E2007345A3 /* Build configuration list for PBXNativeTarget "StockTaxSaver" */;
			buildPhases = (
				5E9E1BA2DC83348947637D29 /* [CP] Check Pods Manifest.lock */,
				0B42124327CC91E0007345A3 /* Sources */,
				0B42124427CC91E0007345A3 /* Frameworks */,
				0B42124527CC91E0007345A3 /* Resources */,
				C02159AB0AA73752AB4B4C4E /* [CP] Embed Pods Frameworks */,
			);
			buildRules = (
			);
			dependencies = (
			);
			name = StockTaxSaver;
			productName = StockTaxSaver;
			productReference = 0B42124727CC91E0007345A3 /* StockTaxSaver.app */;
			productType = "com.apple.product-type.application";
		};
/* End PBXNativeTarget section */

/* Begin PBXProject section */
		0B42123F27CC91E0007345A3 /* Project object */ = {
			isa = PBXProject;
			attributes = {
				BuildIndependentTargetsInParallel = 1;
				LastSwiftUpdateCheck = 1300;
				LastUpgradeCheck = 1300;
				TargetAttributes = {
					0B42124627CC91E0007345A3 = {
						CreatedOnToolsVersion = 13.0;
					};
				};
			};
			buildConfigurationList = 0B42124227CC91E0007345A3 /* Build configuration list for PBXProject "StockTaxSaver" */;
			compatibilityVersion = "Xcode 13.0";
			developmentRegion = en;
			hasScannedForEncodings = 0;
			knownRegions = (
				en,
				Base,
			);
			mainGroup = 0B42123E27CC91E0007345A3;
			productRefGroup = 0B42124827CC91E0007345A3 /* Products */;
			projectDirPath = "";
			projectRoot = "";
			targets = (
				0B42124627CC91E0007345A3 /* StockTaxSaver */,
			);
		};
/* End PBXProject section */

/* Begin PBXResourcesBuildPhase section */
		0B42124527CC91E0007345A3 /* Resources */ = {
			isa = PBXResourcesBuildPhase;
			buildActionMask = 2147483647;
			files = (
				0B42125727CC91E2007345A3 /* LaunchScreen.storyboard in Resources */,
				0B42125427CC91E2007345A3 /* Assets.xcassets in Resources */,
			);
			runOnlyForDeploymentPostprocessing = 0;
		};
/* End PBXResourcesBuildPhase section */

/* Begin PBXShellScriptBuildPhase section */
		5E9E1BA2DC83348947637D29 /* [CP] Check Pods Manifest.lock */ = {
			isa = PBXShellScriptBuildPhase;
			buildActionMask = 2147483647;
			files = (
			);
			inputFileListPaths = (
			);
			inputPaths = (
				"${PODS_PODFILE_DIR_PATH}/Podfile.lock",
				"${PODS_ROOT}/Manifest.lock",
			);
			name = "[CP] Check Pods Manifest.lock";
			outputFileListPaths = (
			);
			outputPaths = (
				"$(DERIVED_FILE_DIR)/Pods-StockTaxSaver-checkManifestLockResult.txt",
			);
			runOnlyForDeploymentPostprocessing = 0;
			shellPath = /bin/sh;
			shellScript = "diff \"${PODS_PODFILE_DIR_PATH}/Podfile.lock\" \"${PODS_ROOT}/Manifest.lock\" > /dev/null\nif [ $? != 0 ] ; then\n    # print error to STDERR\n    echo \"error: The sandbox is not in sync with the Podfile.lock. Run 'pod install' or update your CocoaPods installation.\" >&2\n    exit 1\nfi\n# This output is used by Xcode 'outputs' to avoid re-running this script phase.\necho \"SUCCESS\" > \"${SCRIPT_OUTPUT_FILE_0}\"\n";
			showEnvVarsInLog = 0;
		};
		C02159AB0AA73752AB4B4C4E /* [CP] Embed Pods Frameworks */ = {
			isa = PBXShellScriptBuildPhase;
			buildActionMask = 2147483647;
			files = (
			);
			inputFileListPaths = (
				"${PODS_ROOT}/Target Support Files/Pods-StockTaxSaver/Pods-StockTaxSaver-frameworks-${CONFIGURATION}-input-files.xcfilelist",
			);
			name = "[CP] Embed Pods Frameworks";
			outputFileListPaths = (
				"${PODS_ROOT}/Target Support Files/Pods-StockTaxSaver/Pods-StockTaxSaver-frameworks-${CONFIGURATION}-output-files.xcfilelist",
			);
			runOnlyForDeploymentPostprocessing = 0;
			shellPath = /bin/sh;
			shellScript = "\"${PODS_ROOT}/Target Support Files/Pods-StockTaxSaver/Pods-StockTaxSaver-frameworks.sh\"\n";
			showEnvVarsInLog = 0;
		};
/* End PBXShellScriptBuildPhase section */

/* Begin PBXSourcesBuildPhase section */
		0B42124327CC91E0007345A3 /* Sources */ = {
			isa = PBXSourcesBuildPhase;
			buildActionMask = 2147483647;
			files = (
				0B42126727D0497A007345A3 /* AddStockController.swift in Sources */,
				0B42127127D083BF007345A3 /* APIService.swift in Sources */,
				0B42126927D04991007345A3 /* CalculatorController.swift in Sources */,
				0B42126C27D06A1D007345A3 /* StockResponse.swift in Sources */,
				0B42125F27D04127007345A3 /* MainViewController.swift in Sources */,
				0B42124B27CC91E0007345A3 /* AppDelegate.swift in Sources */,
				0B42126527D04925007345A3 /* StockListController.swift in Sources */,
				0B42126227D041D2007345A3 /* UIViewController+Extentions.swift in Sources */,
				0B42127527D09D76007345A3 /* NetworkError.swift in Sources */,
				0B42127B27D0A7CD007345A3 /* Keys.swift in Sources */,
			);
			runOnlyForDeploymentPostprocessing = 0;
		};
/* End PBXSourcesBuildPhase section */

/* Begin PBXVariantGroup section */
		0B42125527CC91E2007345A3 /* LaunchScreen.storyboard */ = {
			isa = PBXVariantGroup;
			children = (
				0B42125627CC91E2007345A3 /* Base */,
			);
			name = LaunchScreen.storyboard;
			sourceTree = "<group>";
		};
/* End PBXVariantGroup section */

/* Begin XCBuildConfiguration section */
		0B42125927CC91E2007345A3 /* Debug */ = {
			isa = XCBuildConfiguration;
			buildSettings = {
				ALWAYS_SEARCH_USER_PATHS = NO;
				CLANG_ANALYZER_NONNULL = YES;
				CLANG_ANALYZER_NUMBER_OBJECT_CONVERSION = YES_AGGRESSIVE;
				CLANG_CXX_LANGUAGE_STANDARD = "gnu++17";
				CLANG_CXX_LIBRARY = "libc++";
				CLANG_ENABLE_MODULES = YES;
				CLANG_ENABLE_OBJC_ARC = YES;
				CLANG_ENABLE_OBJC_WEAK = YES;
				CLANG_WARN_BLOCK_CAPTURE_AUTORELEASING = YES;
				CLANG_WARN_BOOL_CONVERSION = YES;
				CLANG_WARN_COMMA = YES;
				CLANG_WARN_CONSTANT_CONVERSION = YES;
				CLANG_WARN_DEPRECATED_OBJC_IMPLEMENTATIONS = YES;
				CLANG_WARN_DIRECT_OBJC_ISA_USAGE = YES_ERROR;
				CLANG_WARN_DOCUMENTATION_COMMENTS = YES;
				CLANG_WARN_EMPTY_BODY = YES;
				CLANG_WARN_ENUM_CONVERSION = YES;
				CLANG_WARN_INFINITE_RECURSION = YES;
				CLANG_WARN_INT_CONVERSION = YES;
				CLANG_WARN_NON_LITERAL_NULL_CONVERSION = YES;
				CLANG_WARN_OBJC_IMPLICIT_RETAIN_SELF = YES;
				CLANG_WARN_OBJC_LITERAL_CONVERSION = YES;
				CLANG_WARN_OBJC_ROOT_CLASS = YES_ERROR;
				CLANG_WARN_QUOTED_INCLUDE_IN_FRAMEWORK_HEADER = YES;
				CLANG_WARN_RANGE_LOOP_ANALYSIS = YES;
				CLANG_WARN_STRICT_PROTOTYPES = YES;
				CLANG_WARN_SUSPICIOUS_MOVE = YES;
				CLANG_WARN_UNGUARDED_AVAILABILITY = YES_AGGRESSIVE;
				CLANG_WARN_UNREACHABLE_CODE = YES;
				CLANG_WARN__DUPLICATE_METHOD_MATCH = YES;
				COPY_PHASE_STRIP = NO;
				DEBUG_INFORMATION_FORMAT = dwarf;
				ENABLE_STRICT_OBJC_MSGSEND = YES;
				ENABLE_TESTABILITY = YES;
				GCC_C_LANGUAGE_STANDARD = gnu11;
				GCC_DYNAMIC_NO_PIC = NO;
				GCC_NO_COMMON_BLOCKS = YES;
				GCC_OPTIMIZATION_LEVEL = 0;
				GCC_PREPROCESSOR_DEFINITIONS = (
					"DEBUG=1",
					"$(inherited)",
				);
				GCC_WARN_64_TO_32_BIT_CONVERSION = YES;
				GCC_WARN_ABOUT_RETURN_TYPE = YES_ERROR;
				GCC_WARN_UNDECLARED_SELECTOR = YES;
				GCC_WARN_UNINITIALIZED_AUTOS = YES_AGGRESSIVE;
				GCC_WARN_UNUSED_FUNCTION = YES;
				GCC_WARN_UNUSED_VARIABLE = YES;
				IPHONEOS_DEPLOYMENT_TARGET = 15.0;
				MTL_ENABLE_DEBUG_INFO = INCLUDE_SOURCE;
				MTL_FAST_MATH = YES;
				ONLY_ACTIVE_ARCH = YES;
				SDKROOT = iphoneos;
				SWIFT_ACTIVE_COMPILATION_CONDITIONS = DEBUG;
				SWIFT_OPTIMIZATION_LEVEL = "-Onone";
			};
			name = Debug;
		};
		0B42125A27CC91E2007345A3 /* Release */ = {
			isa = XCBuildConfiguration;
			buildSettings = {
				ALWAYS_SEARCH_USER_PATHS = NO;
				CLANG_ANALYZER_NONNULL = YES;
				CLANG_ANALYZER_NUMBER_OBJECT_CONVERSION = YES_AGGRESSIVE;
				CLANG_CXX_LANGUAGE_STANDARD = "gnu++17";
				CLANG_CXX_LIBRARY = "libc++";
				CLANG_ENABLE_MODULES = YES;
				CLANG_ENABLE_OBJC_ARC = YES;
				CLANG_ENABLE_OBJC_WEAK = YES;
				CLANG_WARN_BLOCK_CAPTURE_AUTORELEASING = YES;
				CLANG_WARN_BOOL_CONVERSION = YES;
				CLANG_WARN_COMMA = YES;
				CLANG_WARN_CONSTANT_CONVERSION = YES;
				CLANG_WARN_DEPRECATED_OBJC_IMPLEMENTATIONS = YES;
				CLANG_WARN_DIRECT_OBJC_ISA_USAGE = YES_ERROR;
				CLANG_WARN_DOCUMENTATION_COMMENTS = YES;
				CLANG_WARN_EMPTY_BODY = YES;
				CLANG_WARN_ENUM_CONVERSION = YES;
				CLANG_WARN_INFINITE_RECURSION = YES;
				CLANG_WARN_INT_CONVERSION = YES;
				CLANG_WARN_NON_LITERAL_NULL_CONVERSION = YES;
				CLANG_WARN_OBJC_IMPLICIT_RETAIN_SELF = YES;
				CLANG_WARN_OBJC_LITERAL_CONVERSION = YES;
				CLANG_WARN_OBJC_ROOT_CLASS = YES_ERROR;
				CLANG_WARN_QUOTED_INCLUDE_IN_FRAMEWORK_HEADER = YES;
				CLANG_WARN_RANGE_LOOP_ANALYSIS = YES;
				CLANG_WARN_STRICT_PROTOTYPES = YES;
				CLANG_WARN_SUSPICIOUS_MOVE = YES;
				CLANG_WARN_UNGUARDED_AVAILABILITY = YES_AGGRESSIVE;
				CLANG_WARN_UNREACHABLE_CODE = YES;
				CLANG_WARN__DUPLICATE_METHOD_MATCH = YES;
				COPY_PHASE_STRIP = NO;
				DEBUG_INFORMATION_FORMAT = "dwarf-with-dsym";
				ENABLE_NS_ASSERTIONS = NO;
				ENABLE_STRICT_OBJC_MSGSEND = YES;
				GCC_C_LANGUAGE_STANDARD = gnu11;
				GCC_NO_COMMON_BLOCKS = YES;
				GCC_WARN_64_TO_32_BIT_CONVERSION = YES;
				GCC_WARN_ABOUT_RETURN_TYPE = YES_ERROR;
				GCC_WARN_UNDECLARED_SELECTOR = YES;
				GCC_WARN_UNINITIALIZED_AUTOS = YES_AGGRESSIVE;
				GCC_WARN_UNUSED_FUNCTION = YES;
				GCC_WARN_UNUSED_VARIABLE = YES;
				IPHONEOS_DEPLOYMENT_TARGET = 15.0;
				MTL_ENABLE_DEBUG_INFO = NO;
				MTL_FAST_MATH = YES;
				SDKROOT = iphoneos;
				SWIFT_COMPILATION_MODE = wholemodule;
				SWIFT_OPTIMIZATION_LEVEL = "-O";
				VALIDATE_PRODUCT = YES;
			};
			name = Release;
		};
		0B42125C27CC91E2007345A3 /* Debug */ = {
			isa = XCBuildConfiguration;
			baseConfigurationReference = 1DBD2812C7F7D7AC39AA208C /* Pods-StockTaxSaver.debug.xcconfig */;
			buildSettings = {
				ASSETCATALOG_COMPILER_APPICON_NAME = AppIcon;
				ASSETCATALOG_COMPILER_GLOBAL_ACCENT_COLOR_NAME = AccentColor;
				CODE_SIGN_STYLE = Automatic;
				CURRENT_PROJECT_VERSION = 1;
				DEVELOPMENT_TEAM = J29V83C377;
				GENERATE_INFOPLIST_FILE = YES;
				INFOPLIST_FILE = StockTaxSaver/Info.plist;
				INFOPLIST_KEY_UIApplicationSupportsIndirectInputEvents = YES;
				INFOPLIST_KEY_UILaunchStoryboardName = LaunchScreen;
				INFOPLIST_KEY_UISupportedInterfaceOrientations_iPad = "UIInterfaceOrientationPortrait UIInterfaceOrientationPortraitUpsideDown UIInterfaceOrientationLandscapeLeft UIInterfaceOrientationLandscapeRight";
				INFOPLIST_KEY_UISupportedInterfaceOrientations_iPhone = "UIInterfaceOrientationPortrait UIInterfaceOrientationLandscapeLeft UIInterfaceOrientationLandscapeRight";
				LD_RUNPATH_SEARCH_PATHS = (
					"$(inherited)",
					"@executable_path/Frameworks",
				);
				MARKETING_VERSION = 1.0;
				PRODUCT_BUNDLE_IDENTIFIER = gamsterbi.StockTaxSaver;
				PRODUCT_NAME = "$(TARGET_NAME)";
				SWIFT_EMIT_LOC_STRINGS = YES;
				SWIFT_VERSION = 5.0;
				TARGETED_DEVICE_FAMILY = "1,2";
			};
			name = Debug;
		};
		0B42125D27CC91E2007345A3 /* Release */ = {
			isa = XCBuildConfiguration;
			baseConfigurationReference = 8732CC17FF658FE6E4FB6F71 /* Pods-StockTaxSaver.release.xcconfig */;
			buildSettings = {
				ASSETCATALOG_COMPILER_APPICON_NAME = AppIcon;
				ASSETCATALOG_COMPILER_GLOBAL_ACCENT_COLOR_NAME = AccentColor;
				CODE_SIGN_STYLE = Automatic;
				CURRENT_PROJECT_VERSION = 1;
				DEVELOPMENT_TEAM = J29V83C377;
				GENERATE_INFOPLIST_FILE = YES;
				INFOPLIST_FILE = StockTaxSaver/Info.plist;
				INFOPLIST_KEY_UIApplicationSupportsIndirectInputEvents = YES;
				INFOPLIST_KEY_UILaunchStoryboardName = LaunchScreen;
				INFOPLIST_KEY_UISupportedInterfaceOrientations_iPad = "UIInterfaceOrientationPortrait UIInterfaceOrientationPortraitUpsideDown UIInterfaceOrientationLandscapeLeft UIInterfaceOrientationLandscapeRight";
				INFOPLIST_KEY_UISupportedInterfaceOrientations_iPhone = "UIInterfaceOrientationPortrait UIInterfaceOrientationLandscapeLeft UIInterfaceOrientationLandscapeRight";
				LD_RUNPATH_SEARCH_PATHS = (
					"$(inherited)",
					"@executable_path/Frameworks",
				);
				MARKETING_VERSION = 1.0;
				PRODUCT_BUNDLE_IDENTIFIER = gamsterbi.StockTaxSaver;
				PRODUCT_NAME = "$(TARGET_NAME)";
				SWIFT_EMIT_LOC_STRINGS = YES;
				SWIFT_VERSION = 5.0;
				TARGETED_DEVICE_FAMILY = "1,2";
			};
			name = Release;
		};
/* End XCBuildConfiguration section */

/* Begin XCConfigurationList section */
		0B42124227CC91E0007345A3 /* Build configuration list for PBXProject "StockTaxSaver" */ = {
			isa = XCConfigurationList;
			buildConfigurations = (
				0B42125927CC91E2007345A3 /* Debug */,
				0B42125A27CC91E2007345A3 /* Release */,
			);
			defaultConfigurationIsVisible = 0;
			defaultConfigurationName = Release;
		};
		0B42125B27CC91E2007345A3 /* Build configuration list for PBXNativeTarget "StockTaxSaver" */ = {
			isa = XCConfigurationList;
			buildConfigurations = (
				0B42125C27CC91E2007345A3 /* Debug */,
				0B42125D27CC91E2007345A3 /* Release */,
			);
			defaultConfigurationIsVisible = 0;
			defaultConfigurationName = Release;
		};
/* End XCConfigurationList section */
	};
	rootObject = 0B42123F27CC91E0007345A3 /* Project object */;
}
